PODS:
  - FontAwesome.swift (1.3.2)
  - SnapKit (4.0.0)
  - STLocationRequest (3.0.1):
    - FontAwesome.swift (~> 1.3.2)
    - SnapKit (~> 4.0.0)

DEPENDENCIES:
  - STLocationRequest (from `../`)

EXTERNAL SOURCES:
  STLocationRequest:
    :path: ../

SPEC CHECKSUMS:
  FontAwesome.swift: b4e4c8ccbbecb12f9b592bc533ff237af3706667
  SnapKit: a42d492c16e80209130a3379f73596c3454b7694
  STLocationRequest: 4f4808bb906ffd30ce41347d83d81e5634336b17

PODFILE CHECKSUM: 276f4371772a3591644ab2524011d9d3e68f6758

COCOAPODS: 1.4.0
