PODS:
  - Font-Awesome-Swift (1.4.8)
  - STLocationRequest (1.1.2):
    - Font-Awesome-Swift (~> 1.4.8)

DEPENDENCIES:
  - STLocationRequest (from `../`)

EXTERNAL SOURCES:
  STLocationRequest:
    :path: "../"

SPEC CHECKSUMS:
  Font-Awesome-Swift: 354c9440b0e4d692e31171c84091f3510e8f9468
  STLocationRequest: 5950f890a6c694c7f349a77416a6c5235d5167e1

PODFILE CHECKSUM: 276f4371772a3591644ab2524011d9d3e68f6758

COCOAPODS: 1.0.1
